
Microsoft Visual Studio Solution File, Format Version 12.00
# Visual Studio Version 16
VisualStudioVersion = 16.0.29609.76
MinimumVisualStudioVersion = 10.0.40219.1
Project("{FAE04EC0-301F-11D3-BF4B-00C04F79EFBC}") = "MethodsTask", "MethodsTask\MethodsTask.csproj", "{56378E03-6E44-4E04-B8DD-77D469324129}"
EndProject
Global
	GlobalSection(SolutionConfigurationPlatforms) = preSolution
		Debug|Any CPU = Debug|Any CPU
		Release|Any CPU = Release|Any CPU
	EndGlobalSection
	GlobalSection(ProjectConfigurationPlatforms) = postSolution
		{56378E03-6E44-4E04-B8DD-77D469324129}.Debug|Any CPU.ActiveCfg = Debug|Any CPU
		{56378E03-6E44-4E04-B8DD-77D469324129}.Debug|Any CPU.Build.0 = Debug|Any CPU
		{56378E03-6E44-4E04-B8DD-77D469324129}.Release|Any CPU.ActiveCfg = Release|Any CPU
		{56378E03-6E44-4E04-B8DD-77D469324129}.Release|Any CPU.Build.0 = Release|Any CPU
	EndGlobalSection
	GlobalSection(SolutionProperties) = preSolution
		HideSolutionNode = FALSE
	EndGlobalSection
	GlobalSection(ExtensibilityGlobals) = postSolution
		SolutionGuid = {FB50FCEC-2E4B-4BCC-B531-73F628E64ACC}
	EndGlobalSection
EndGlobal
